
Microsoft Visual Studio Solution File, Format Version 12.00
# Visual Studio 14
VisualStudioVersion = 14.0.25420.1
MinimumVisualStudioVersion = 10.0.40219.1
Project("{FAE04EC0-301F-11D3-BF4B-00C04F79EFBC}") = "LottoExtraction", "LottoExtraction\LottoExtraction.csproj", "{22F5760E-C05A-4D7E-953B-3689E0FE9266}"
EndProject
Project("{FAE04EC0-301F-11D3-BF4B-00C04F79EFBC}") = "RepairCenter", "RepairCenter\RepairCenter.csproj", "{FE97030D-9115-4DCD-A770-50B80216DB51}"
EndProject
Project("{FAE04EC0-301F-11D3-BF4B-00C04F79EFBC}") = "WordSort", "WordSort\WordSort.csproj", "{20964D46-024E-469F-9313-9C1E6B992544}"
EndProject
Project("{FAE04EC0-301F-11D3-BF4B-00C04F79EFBC}") = "Elections", "Elections\Elections.csproj", "{9A421835-B5EA-4DE2-8820-F5D13C7A99AE}"
EndProject
Project("{FAE04EC0-301F-11D3-BF4B-00C04F79EFBC}") = "Catalogue", "Catalogue\Catalogue.csproj", "{A936B21A-3FC2-4834-841A-14179B0F510B}"
EndProject
Project("{FAE04EC0-301F-11D3-BF4B-00C04F79EFBC}") = "CatalogueRemake", "CatalogueRemake\CatalogueRemake.csproj", "{2A1FF157-E31D-49E1-A515-E56B95EAE2A3}"
EndProject
Global
	GlobalSection(SolutionConfigurationPlatforms) = preSolution
		Debug|Any CPU = Debug|Any CPU
		Release|Any CPU = Release|Any CPU
	EndGlobalSection
	GlobalSection(ProjectConfigurationPlatforms) = postSolution
		{22F5760E-C05A-4D7E-953B-3689E0FE9266}.Debug|Any CPU.ActiveCfg = Debug|Any CPU
		{22F5760E-C05A-4D7E-953B-3689E0FE9266}.Debug|Any CPU.Build.0 = Debug|Any CPU
		{22F5760E-C05A-4D7E-953B-3689E0FE9266}.Release|Any CPU.ActiveCfg = Release|Any CPU
		{22F5760E-C05A-4D7E-953B-3689E0FE9266}.Release|Any CPU.Build.0 = Release|Any CPU
		{FE97030D-9115-4DCD-A770-50B80216DB51}.Debug|Any CPU.ActiveCfg = Debug|Any CPU
		{FE97030D-9115-4DCD-A770-50B80216DB51}.Debug|Any CPU.Build.0 = Debug|Any CPU
		{FE97030D-9115-4DCD-A770-50B80216DB51}.Release|Any CPU.ActiveCfg = Release|Any CPU
		{FE97030D-9115-4DCD-A770-50B80216DB51}.Release|Any CPU.Build.0 = Release|Any CPU
		{20964D46-024E-469F-9313-9C1E6B992544}.Debug|Any CPU.ActiveCfg = Debug|Any CPU
		{20964D46-024E-469F-9313-9C1E6B992544}.Debug|Any CPU.Build.0 = Debug|Any CPU
		{20964D46-024E-469F-9313-9C1E6B992544}.Release|Any CPU.ActiveCfg = Release|Any CPU
		{20964D46-024E-469F-9313-9C1E6B992544}.Release|Any CPU.Build.0 = Release|Any CPU
		{9A421835-B5EA-4DE2-8820-F5D13C7A99AE}.Debug|Any CPU.ActiveCfg = Debug|Any CPU
		{9A421835-B5EA-4DE2-8820-F5D13C7A99AE}.Debug|Any CPU.Build.0 = Debug|Any CPU
		{9A421835-B5EA-4DE2-8820-F5D13C7A99AE}.Release|Any CPU.ActiveCfg = Release|Any CPU
		{9A421835-B5EA-4DE2-8820-F5D13C7A99AE}.Release|Any CPU.Build.0 = Release|Any CPU
		{A936B21A-3FC2-4834-841A-14179B0F510B}.Debug|Any CPU.ActiveCfg = Debug|Any CPU
		{A936B21A-3FC2-4834-841A-14179B0F510B}.Debug|Any CPU.Build.0 = Debug|Any CPU
		{A936B21A-3FC2-4834-841A-14179B0F510B}.Release|Any CPU.ActiveCfg = Release|Any CPU
		{A936B21A-3FC2-4834-841A-14179B0F510B}.Release|Any CPU.Build.0 = Release|Any CPU
		{2A1FF157-E31D-49E1-A515-E56B95EAE2A3}.Debug|Any CPU.ActiveCfg = Debug|Any CPU
		{2A1FF157-E31D-49E1-A515-E56B95EAE2A3}.Debug|Any CPU.Build.0 = Debug|Any CPU
		{2A1FF157-E31D-49E1-A515-E56B95EAE2A3}.Release|Any CPU.ActiveCfg = Release|Any CPU
		{2A1FF157-E31D-49E1-A515-E56B95EAE2A3}.Release|Any CPU.Build.0 = Release|Any CPU
	EndGlobalSection
	GlobalSection(SolutionProperties) = preSolution
		HideSolutionNode = FALSE
	EndGlobalSection
EndGlobal
