
Microsoft Visual Studio Solution File, Format Version 12.00
# Visual Studio 14
VisualStudioVersion = 14.0.25420.1
MinimumVisualStudioVersion = 10.0.40219.1
Project("{FAE04EC0-301F-11D3-BF4B-00C04F79EFBC}") = "SquaresOnChessBoard", "SquaresOnChessBoard\SquaresOnChessBoard.csproj", "{848719E1-60EB-4625-941D-0E15B53F4325}"
EndProject
Project("{FAE04EC0-301F-11D3-BF4B-00C04F79EFBC}") = "Prefix", "Prefix\Prefix.csproj", "{FD86AD5B-AE97-489E-85E7-9EB61061E47E}"
EndProject
Project("{FAE04EC0-301F-11D3-BF4B-00C04F79EFBC}") = "Panagram", "UnitTestProject1\Panagram.csproj", "{8611D094-B9F2-42F7-86E4-88EE32413785}"
EndProject
Project("{FAE04EC0-301F-11D3-BF4B-00C04F79EFBC}") = "ExcelColumns", "ExcelColumns\ExcelColumns.csproj", "{DAD4083E-1C55-4D52-A267-D89A5677DF81}"
EndProject
Project("{FAE04EC0-301F-11D3-BF4B-00C04F79EFBC}") = "Lottery", "Lottery\Lottery.csproj", "{691B9994-0167-45AE-BE3C-1670A1CA9D15}"
EndProject
Project("{FAE04EC0-301F-11D3-BF4B-00C04F79EFBC}") = "Anagrams", "Anagrams\Anagrams.csproj", "{0CF39B40-0249-4971-B633-D43E7203908D}"
EndProject
Project("{FAE04EC0-301F-11D3-BF4B-00C04F79EFBC}") = "Cube", "Cube\Cube.csproj", "{AC4A5A7B-B623-44D6-9116-DCD88B2086EC}"
EndProject
Global
	GlobalSection(SolutionConfigurationPlatforms) = preSolution
		Debug|Any CPU = Debug|Any CPU
		Release|Any CPU = Release|Any CPU
	EndGlobalSection
	GlobalSection(ProjectConfigurationPlatforms) = postSolution
		{848719E1-60EB-4625-941D-0E15B53F4325}.Debug|Any CPU.ActiveCfg = Debug|Any CPU
		{848719E1-60EB-4625-941D-0E15B53F4325}.Debug|Any CPU.Build.0 = Debug|Any CPU
		{848719E1-60EB-4625-941D-0E15B53F4325}.Release|Any CPU.ActiveCfg = Release|Any CPU
		{848719E1-60EB-4625-941D-0E15B53F4325}.Release|Any CPU.Build.0 = Release|Any CPU
		{FD86AD5B-AE97-489E-85E7-9EB61061E47E}.Debug|Any CPU.ActiveCfg = Debug|Any CPU
		{FD86AD5B-AE97-489E-85E7-9EB61061E47E}.Debug|Any CPU.Build.0 = Debug|Any CPU
		{FD86AD5B-AE97-489E-85E7-9EB61061E47E}.Release|Any CPU.ActiveCfg = Release|Any CPU
		{FD86AD5B-AE97-489E-85E7-9EB61061E47E}.Release|Any CPU.Build.0 = Release|Any CPU
		{8611D094-B9F2-42F7-86E4-88EE32413785}.Debug|Any CPU.ActiveCfg = Debug|Any CPU
		{8611D094-B9F2-42F7-86E4-88EE32413785}.Debug|Any CPU.Build.0 = Debug|Any CPU
		{8611D094-B9F2-42F7-86E4-88EE32413785}.Release|Any CPU.ActiveCfg = Release|Any CPU
		{8611D094-B9F2-42F7-86E4-88EE32413785}.Release|Any CPU.Build.0 = Release|Any CPU
		{DAD4083E-1C55-4D52-A267-D89A5677DF81}.Debug|Any CPU.ActiveCfg = Debug|Any CPU
		{DAD4083E-1C55-4D52-A267-D89A5677DF81}.Debug|Any CPU.Build.0 = Debug|Any CPU
		{DAD4083E-1C55-4D52-A267-D89A5677DF81}.Release|Any CPU.ActiveCfg = Release|Any CPU
		{DAD4083E-1C55-4D52-A267-D89A5677DF81}.Release|Any CPU.Build.0 = Release|Any CPU
		{691B9994-0167-45AE-BE3C-1670A1CA9D15}.Debug|Any CPU.ActiveCfg = Debug|Any CPU
		{691B9994-0167-45AE-BE3C-1670A1CA9D15}.Debug|Any CPU.Build.0 = Debug|Any CPU
		{691B9994-0167-45AE-BE3C-1670A1CA9D15}.Release|Any CPU.ActiveCfg = Release|Any CPU
		{691B9994-0167-45AE-BE3C-1670A1CA9D15}.Release|Any CPU.Build.0 = Release|Any CPU
		{0CF39B40-0249-4971-B633-D43E7203908D}.Debug|Any CPU.ActiveCfg = Debug|Any CPU
		{0CF39B40-0249-4971-B633-D43E7203908D}.Debug|Any CPU.Build.0 = Debug|Any CPU
		{0CF39B40-0249-4971-B633-D43E7203908D}.Release|Any CPU.ActiveCfg = Release|Any CPU
		{0CF39B40-0249-4971-B633-D43E7203908D}.Release|Any CPU.Build.0 = Release|Any CPU
		{AC4A5A7B-B623-44D6-9116-DCD88B2086EC}.Debug|Any CPU.ActiveCfg = Debug|Any CPU
		{AC4A5A7B-B623-44D6-9116-DCD88B2086EC}.Debug|Any CPU.Build.0 = Debug|Any CPU
		{AC4A5A7B-B623-44D6-9116-DCD88B2086EC}.Release|Any CPU.ActiveCfg = Release|Any CPU
		{AC4A5A7B-B623-44D6-9116-DCD88B2086EC}.Release|Any CPU.Build.0 = Release|Any CPU
	EndGlobalSection
	GlobalSection(SolutionProperties) = preSolution
		HideSolutionNode = FALSE
	EndGlobalSection
EndGlobal
