
Microsoft Visual Studio Solution File, Format Version 12.00
# Visual Studio 14
VisualStudioVersion = 14.0.25420.1
MinimumVisualStudioVersion = 10.0.40219.1
Project("{FAE04EC0-301F-11D3-BF4B-00C04F79EFBC}") = "Fibonacci", "Fibonacci\Fibonacci.csproj", "{F91AB34A-7081-4965-8C1E-A582382F8668}"
EndProject
Project("{FAE04EC0-301F-11D3-BF4B-00C04F79EFBC}") = "Inversion", "Inversion\Inversion.csproj", "{0A7FCC15-DAD0-4C5C-A159-15CB8F8F3E3A}"
EndProject
Project("{FAE04EC0-301F-11D3-BF4B-00C04F79EFBC}") = "Replacement", "Replacement\Replacement.csproj", "{7E5A9B28-897D-4516-A770-2EBFC88BD20A}"
EndProject
Project("{FAE04EC0-301F-11D3-BF4B-00C04F79EFBC}") = "Calculator", "Calculator\Calculator.csproj", "{2A0689C7-6728-439B-B0C8-8630655E7347}"
EndProject
Project("{FAE04EC0-301F-11D3-BF4B-00C04F79EFBC}") = "TowersOfHanoi", "TowersOfHanoi\TowersOfHanoi.csproj", "{3D75BADA-A9E0-44A5-8319-F20B55124471}"
EndProject
Project("{FAE04EC0-301F-11D3-BF4B-00C04F79EFBC}") = "PascalsTriangle", "PascalsTriangle\PascalsTriangle.csproj", "{9B092495-4ADF-40EF-9728-CD5816BBF570}"
EndProject
Global
	GlobalSection(SolutionConfigurationPlatforms) = preSolution
		Debug|Any CPU = Debug|Any CPU
		Release|Any CPU = Release|Any CPU
	EndGlobalSection
	GlobalSection(ProjectConfigurationPlatforms) = postSolution
		{F91AB34A-7081-4965-8C1E-A582382F8668}.Debug|Any CPU.ActiveCfg = Debug|Any CPU
		{F91AB34A-7081-4965-8C1E-A582382F8668}.Debug|Any CPU.Build.0 = Debug|Any CPU
		{F91AB34A-7081-4965-8C1E-A582382F8668}.Release|Any CPU.ActiveCfg = Release|Any CPU
		{F91AB34A-7081-4965-8C1E-A582382F8668}.Release|Any CPU.Build.0 = Release|Any CPU
		{0A7FCC15-DAD0-4C5C-A159-15CB8F8F3E3A}.Debug|Any CPU.ActiveCfg = Debug|Any CPU
		{0A7FCC15-DAD0-4C5C-A159-15CB8F8F3E3A}.Debug|Any CPU.Build.0 = Debug|Any CPU
		{0A7FCC15-DAD0-4C5C-A159-15CB8F8F3E3A}.Release|Any CPU.ActiveCfg = Release|Any CPU
		{0A7FCC15-DAD0-4C5C-A159-15CB8F8F3E3A}.Release|Any CPU.Build.0 = Release|Any CPU
		{7E5A9B28-897D-4516-A770-2EBFC88BD20A}.Debug|Any CPU.ActiveCfg = Debug|Any CPU
		{7E5A9B28-897D-4516-A770-2EBFC88BD20A}.Debug|Any CPU.Build.0 = Debug|Any CPU
		{7E5A9B28-897D-4516-A770-2EBFC88BD20A}.Release|Any CPU.ActiveCfg = Release|Any CPU
		{7E5A9B28-897D-4516-A770-2EBFC88BD20A}.Release|Any CPU.Build.0 = Release|Any CPU
		{2A0689C7-6728-439B-B0C8-8630655E7347}.Debug|Any CPU.ActiveCfg = Debug|Any CPU
		{2A0689C7-6728-439B-B0C8-8630655E7347}.Debug|Any CPU.Build.0 = Debug|Any CPU
		{2A0689C7-6728-439B-B0C8-8630655E7347}.Release|Any CPU.ActiveCfg = Release|Any CPU
		{2A0689C7-6728-439B-B0C8-8630655E7347}.Release|Any CPU.Build.0 = Release|Any CPU
		{3D75BADA-A9E0-44A5-8319-F20B55124471}.Debug|Any CPU.ActiveCfg = Debug|Any CPU
		{3D75BADA-A9E0-44A5-8319-F20B55124471}.Debug|Any CPU.Build.0 = Debug|Any CPU
		{3D75BADA-A9E0-44A5-8319-F20B55124471}.Release|Any CPU.ActiveCfg = Release|Any CPU
		{3D75BADA-A9E0-44A5-8319-F20B55124471}.Release|Any CPU.Build.0 = Release|Any CPU
		{9B092495-4ADF-40EF-9728-CD5816BBF570}.Debug|Any CPU.ActiveCfg = Debug|Any CPU
		{9B092495-4ADF-40EF-9728-CD5816BBF570}.Debug|Any CPU.Build.0 = Debug|Any CPU
		{9B092495-4ADF-40EF-9728-CD5816BBF570}.Release|Any CPU.ActiveCfg = Release|Any CPU
		{9B092495-4ADF-40EF-9728-CD5816BBF570}.Release|Any CPU.Build.0 = Release|Any CPU
	EndGlobalSection
	GlobalSection(SolutionProperties) = preSolution
		HideSolutionNode = FALSE
	EndGlobalSection
EndGlobal
