
Microsoft Visual Studio Solution File, Format Version 12.00
# Visual Studio 14
VisualStudioVersion = 14.0.25420.1
MinimumVisualStudioVersion = 10.0.40219.1
Project("{FAE04EC0-301F-11D3-BF4B-00C04F79EFBC}") = "TaxiFare", "TaxiFare\TaxiFare.csproj", "{17EC62A7-8028-42C1-8136-277D287733A4}"
EndProject
Project("{FAE04EC0-301F-11D3-BF4B-00C04F79EFBC}") = "Watermelon", "Watermelon\Watermelon.csproj", "{F3CF0A63-12E7-4A46-97F3-19A6CAC76466}"
EndProject
Project("{FAE04EC0-301F-11D3-BF4B-00C04F79EFBC}") = "FizzBuzz", "FizzBuzz\FizzBuzz.csproj", "{1EDBB8EB-452E-49AC-945A-4B0E6A0899AD}"
EndProject
Project("{FAE04EC0-301F-11D3-BF4B-00C04F79EFBC}") = "Debt", "Debt\Debt.csproj", "{31FDFBE6-ED1B-42FA-8C35-E5022BB020B7}"
EndProject
Global
	GlobalSection(SolutionConfigurationPlatforms) = preSolution
		Debug|Any CPU = Debug|Any CPU
		Release|Any CPU = Release|Any CPU
	EndGlobalSection
	GlobalSection(ProjectConfigurationPlatforms) = postSolution
		{17EC62A7-8028-42C1-8136-277D287733A4}.Debug|Any CPU.ActiveCfg = Debug|Any CPU
		{17EC62A7-8028-42C1-8136-277D287733A4}.Debug|Any CPU.Build.0 = Debug|Any CPU
		{17EC62A7-8028-42C1-8136-277D287733A4}.Release|Any CPU.ActiveCfg = Release|Any CPU
		{17EC62A7-8028-42C1-8136-277D287733A4}.Release|Any CPU.Build.0 = Release|Any CPU
		{F3CF0A63-12E7-4A46-97F3-19A6CAC76466}.Debug|Any CPU.ActiveCfg = Debug|Any CPU
		{F3CF0A63-12E7-4A46-97F3-19A6CAC76466}.Debug|Any CPU.Build.0 = Debug|Any CPU
		{F3CF0A63-12E7-4A46-97F3-19A6CAC76466}.Release|Any CPU.ActiveCfg = Release|Any CPU
		{F3CF0A63-12E7-4A46-97F3-19A6CAC76466}.Release|Any CPU.Build.0 = Release|Any CPU
		{1EDBB8EB-452E-49AC-945A-4B0E6A0899AD}.Debug|Any CPU.ActiveCfg = Debug|Any CPU
		{1EDBB8EB-452E-49AC-945A-4B0E6A0899AD}.Debug|Any CPU.Build.0 = Debug|Any CPU
		{1EDBB8EB-452E-49AC-945A-4B0E6A0899AD}.Release|Any CPU.ActiveCfg = Release|Any CPU
		{1EDBB8EB-452E-49AC-945A-4B0E6A0899AD}.Release|Any CPU.Build.0 = Release|Any CPU
		{31FDFBE6-ED1B-42FA-8C35-E5022BB020B7}.Debug|Any CPU.ActiveCfg = Debug|Any CPU
		{31FDFBE6-ED1B-42FA-8C35-E5022BB020B7}.Debug|Any CPU.Build.0 = Debug|Any CPU
		{31FDFBE6-ED1B-42FA-8C35-E5022BB020B7}.Release|Any CPU.ActiveCfg = Release|Any CPU
		{31FDFBE6-ED1B-42FA-8C35-E5022BB020B7}.Release|Any CPU.Build.0 = Release|Any CPU
	EndGlobalSection
	GlobalSection(SolutionProperties) = preSolution
		HideSolutionNode = FALSE
	EndGlobalSection
EndGlobal
